
Microsoft Visual Studio Solution File, Format Version 12.00
# Visual Studio Version 17
VisualStudioVersion = 17.8.34525.116
MinimumVisualStudioVersion = 10.0.40219.1
Project("{FAE04EC0-301F-11D3-BF4B-00C04F79EFBC}") = "midinous_tools", "midinous_tools\midinous_tools.csproj", "{4C26CAD8-1DE4-4D34-AD67-825A9C00EB87}"
EndProject
Global
	GlobalSection(SolutionConfigurationPlatforms) = preSolution
		Debug|Any CPU = Debug|Any CPU
		Release|Any CPU = Release|Any CPU
	EndGlobalSection
	GlobalSection(ProjectConfigurationPlatforms) = postSolution
		{4C26CAD8-1DE4-4D34-AD67-825A9C00EB87}.Debug|Any CPU.ActiveCfg = Debug|Any CPU
		{4C26CAD8-1DE4-4D34-AD67-825A9C00EB87}.Debug|Any CPU.Build.0 = Debug|Any CPU
		{4C26CAD8-1DE4-4D34-AD67-825A9C00EB87}.Release|Any CPU.ActiveCfg = Release|Any CPU
		{4C26CAD8-1DE4-4D34-AD67-825A9C00EB87}.Release|Any CPU.Build.0 = Release|Any CPU
	EndGlobalSection
	GlobalSection(SolutionProperties) = preSolution
		HideSolutionNode = FALSE
	EndGlobalSection
	GlobalSection(ExtensibilityGlobals) = postSolution
		SolutionGuid = {9ED1E949-79B5-4AFF-A62B-2700E29A6D50}
	EndGlobalSection
EndGlobal
